
Microsoft Visual Studio Solution File, Format Version 12.00
# Visual Studio Version 17
VisualStudioVersion = 17.4.33122.133
MinimumVisualStudioVersion = 10.0.40219.1
Project("{9A19103F-16F7-4668-BE54-9A1E7A4F7556}") = "jsGrid2Mvc", "jsGrid2Mvc\jsGrid2Mvc.csproj", "{DB5CCFBE-7C2F-44CD-A98F-32ADD282A4B9}"
EndProject
Project("{FAE04EC0-301F-11D3-BF4B-00C04F79EFBC}") = "jsGrid2Mvc.Tests", "jsGrid2Mvc.Tests\jsGrid2Mvc.Tests.csproj", "{9734807B-9655-4933-89A2-B30EE330A0C1}"
EndProject
Project("{FAE04EC0-301F-11D3-BF4B-00C04F79EFBC}") = "jsGrid2Mvc.Samples", "jsGrid2Mvc.Samples\jsGrid2Mvc.Samples.csproj", "{6F8B833C-8D7A-4119-A4C4-53B463FC7CA1}"
EndProject
Global
	GlobalSection(SolutionConfigurationPlatforms) = preSolution
		Debug|Any CPU = Debug|Any CPU
		Release|Any CPU = Release|Any CPU
	EndGlobalSection
	GlobalSection(ProjectConfigurationPlatforms) = postSolution
		{DB5CCFBE-7C2F-44CD-A98F-32ADD282A4B9}.Debug|Any CPU.ActiveCfg = Debug|Any CPU
		{DB5CCFBE-7C2F-44CD-A98F-32ADD282A4B9}.Debug|Any CPU.Build.0 = Debug|Any CPU
		{DB5CCFBE-7C2F-44CD-A98F-32ADD282A4B9}.Release|Any CPU.ActiveCfg = Release|Any CPU
		{DB5CCFBE-7C2F-44CD-A98F-32ADD282A4B9}.Release|Any CPU.Build.0 = Release|Any CPU
		{9734807B-9655-4933-89A2-B30EE330A0C1}.Debug|Any CPU.ActiveCfg = Debug|Any CPU
		{9734807B-9655-4933-89A2-B30EE330A0C1}.Debug|Any CPU.Build.0 = Debug|Any CPU
		{9734807B-9655-4933-89A2-B30EE330A0C1}.Release|Any CPU.ActiveCfg = Release|Any CPU
		{9734807B-9655-4933-89A2-B30EE330A0C1}.Release|Any CPU.Build.0 = Release|Any CPU
		{6F8B833C-8D7A-4119-A4C4-53B463FC7CA1}.Debug|Any CPU.ActiveCfg = Debug|Any CPU
		{6F8B833C-8D7A-4119-A4C4-53B463FC7CA1}.Debug|Any CPU.Build.0 = Debug|Any CPU
		{6F8B833C-8D7A-4119-A4C4-53B463FC7CA1}.Release|Any CPU.ActiveCfg = Release|Any CPU
		{6F8B833C-8D7A-4119-A4C4-53B463FC7CA1}.Release|Any CPU.Build.0 = Release|Any CPU
	EndGlobalSection
	GlobalSection(SolutionProperties) = preSolution
		HideSolutionNode = FALSE
	EndGlobalSection
	GlobalSection(ExtensibilityGlobals) = postSolution
		SolutionGuid = {CDC4C49A-514C-4061-9715-B5B73254BCDA}
	EndGlobalSection
EndGlobal
